
Microsoft Visual Studio Solution File, Format Version 12.00
# Visual Studio Version 17
VisualStudioVersion = 17.5.002.0
MinimumVisualStudioVersion = 10.0.40219.1
Project("{9A19103F-16F7-4668-BE54-9A1E7A4F7556}") = "consoleapp", "consoleapp.csproj", "{65EE9C1E-9A78-467F-9346-2AF5BA82C60B}"
EndProject
Global
	GlobalSection(SolutionConfigurationPlatforms) = preSolution
		Debug|Any CPU = Debug|Any CPU
		Release|Any CPU = Release|Any CPU
	EndGlobalSection
	GlobalSection(ProjectConfigurationPlatforms) = postSolution
		{65EE9C1E-9A78-467F-9346-2AF5BA82C60B}.Debug|Any CPU.ActiveCfg = Debug|Any CPU
		{65EE9C1E-9A78-467F-9346-2AF5BA82C60B}.Debug|Any CPU.Build.0 = Debug|Any CPU
		{65EE9C1E-9A78-467F-9346-2AF5BA82C60B}.Release|Any CPU.ActiveCfg = Release|Any CPU
		{65EE9C1E-9A78-467F-9346-2AF5BA82C60B}.Release|Any CPU.Build.0 = Release|Any CPU
	EndGlobalSection
	GlobalSection(SolutionProperties) = preSolution
		HideSolutionNode = FALSE
	EndGlobalSection
	GlobalSection(ExtensibilityGlobals) = postSolution
		SolutionGuid = {16812830-856C-42B1-8537-A1CF828E5C68}
	EndGlobalSection
EndGlobal
